uuid: 0cb2ca1c-57b2-4f5e-9c7e-08e934885904
langcode: en
status: true
dependencies:
  module:
    - helfi_platform_config
    - node
  theme:
    - hdbt_subtheme
_core:
  default_config_hash: nH8M6u66xNnGzjplyiDZAKKeyzDR6NFyTMXNwDYzldk
id: hdbt_subtheme_heroblock
theme: hdbt_subtheme
region: before_content
weight: -11
provider: null
plugin: hero_block
settings:
  id: hero_block
  label: 'Hero block'
  label_display: '0'
  provider: hdbt_admin_tools
visibility:
  'entity_bundle:node':
    id: 'entity_bundle:node'
    negate: false
    context_mapping:
      node: '@node.node_route_context:node'
    bundles:
      landing_page: landing_page
      page: page
